
Microsoft Visual Studio Solution File, Format Version 12.00
# Visual Studio Version 17
VisualStudioVersion = 17.8.34408.163
MinimumVisualStudioVersion = 10.0.40219.1
Project("{9A19103F-16F7-4668-BE54-9A1E7A4F7556}") = "TMA_Task_1", "TMA_Task_1\TMA_Task_1.csproj", "{A98A0C12-A639-49DA-980D-A30B8C17139E}"
EndProject
Project("{9A19103F-16F7-4668-BE54-9A1E7A4F7556}") = "TMA_Task_3", "TMA_Task_3\TMA_Task_3.csproj", "{283B4D4C-656B-4F06-8D93-9F995B229228}"
EndProject
Global
	GlobalSection(SolutionConfigurationPlatforms) = preSolution
		Debug|Any CPU = Debug|Any CPU
		Release|Any CPU = Release|Any CPU
	EndGlobalSection
	GlobalSection(ProjectConfigurationPlatforms) = postSolution
		{A98A0C12-A639-49DA-980D-A30B8C17139E}.Debug|Any CPU.ActiveCfg = Debug|Any CPU
		{A98A0C12-A639-49DA-980D-A30B8C17139E}.Debug|Any CPU.Build.0 = Debug|Any CPU
		{A98A0C12-A639-49DA-980D-A30B8C17139E}.Release|Any CPU.ActiveCfg = Release|Any CPU
		{A98A0C12-A639-49DA-980D-A30B8C17139E}.Release|Any CPU.Build.0 = Release|Any CPU
		{283B4D4C-656B-4F06-8D93-9F995B229228}.Debug|Any CPU.ActiveCfg = Debug|Any CPU
		{283B4D4C-656B-4F06-8D93-9F995B229228}.Debug|Any CPU.Build.0 = Debug|Any CPU
		{283B4D4C-656B-4F06-8D93-9F995B229228}.Release|Any CPU.ActiveCfg = Release|Any CPU
		{283B4D4C-656B-4F06-8D93-9F995B229228}.Release|Any CPU.Build.0 = Release|Any CPU
	EndGlobalSection
	GlobalSection(SolutionProperties) = preSolution
		HideSolutionNode = FALSE
	EndGlobalSection
	GlobalSection(ExtensibilityGlobals) = postSolution
		SolutionGuid = {B289F0BC-8CC3-4FC3-A9B9-197E8B5B58D8}
	EndGlobalSection
EndGlobal
